
Microsoft Visual Studio Solution File, Format Version 12.00
# Visual Studio Version 16
VisualStudioVersion = 16.0.29911.84
MinimumVisualStudioVersion = 10.0.40219.1
Project("{FAE04EC0-301F-11D3-BF4B-00C04F79EFBC}") = "FinalizeSample", "FinalizeSample\FinalizeSample.csproj", "{CBF3DEB8-40F8-4FCD-98AB-85C47BA04D36}"
EndProject
Global
	GlobalSection(SolutionConfigurationPlatforms) = preSolution
		Debug|Any CPU = Debug|Any CPU
		Release|Any CPU = Release|Any CPU
	EndGlobalSection
	GlobalSection(ProjectConfigurationPlatforms) = postSolution
		{CBF3DEB8-40F8-4FCD-98AB-85C47BA04D36}.Debug|Any CPU.ActiveCfg = Debug|Any CPU
		{CBF3DEB8-40F8-4FCD-98AB-85C47BA04D36}.Debug|Any CPU.Build.0 = Debug|Any CPU
		{CBF3DEB8-40F8-4FCD-98AB-85C47BA04D36}.Release|Any CPU.ActiveCfg = Release|Any CPU
		{CBF3DEB8-40F8-4FCD-98AB-85C47BA04D36}.Release|Any CPU.Build.0 = Release|Any CPU
	EndGlobalSection
	GlobalSection(SolutionProperties) = preSolution
		HideSolutionNode = FALSE
	EndGlobalSection
	GlobalSection(ExtensibilityGlobals) = postSolution
		SolutionGuid = {0A45E102-5B02-45E6-98CC-3AE102A2B7A3}
	EndGlobalSection
EndGlobal
